// !$*UTF8*$!
{
	archiveVersion = 1;
	classes = {
	};
	objectVersion = 46;
	objects = {

/* Begin PBXBuildFile section */
		E3215DA01CFF13F8009D383B /* DataController.swift in Sources */ = {isa = PBXBuildFile; fileRef = E3215D9F1CFF13F8009D383B /* DataController.swift */; };
		E3215DA61CFF4581009D383B /* Constants.m in Sources */ = {isa = PBXBuildFile; fileRef = E3215DA51CFF4581009D383B /* Constants.m */; };
		E3215DAE1D0037EB009D383B /* FlickrConstants.swift in Sources */ = {isa = PBXBuildFile; fileRef = E3215DAD1D0037EB009D383B /* FlickrConstants.swift */; };
		E3215DB51D007663009D383B /* Range+Utils.swift in Sources */ = {isa = PBXBuildFile; fileRef = E3215DB41D007663009D383B /* Range+Utils.swift */; };
		E3215DB81D009176009D383B /* FlickrPhoto.swift in Sources */ = {isa = PBXBuildFile; fileRef = E3215DB71D009175009D383B /* FlickrPhoto.swift */; };
		E3215DBA1D00A5FC009D383B /* FlickrPhotos.swift in Sources */ = {isa = PBXBuildFile; fileRef = E3215DB91D00A5FC009D383B /* FlickrPhotos.swift */; };
		E36E3DBB1D0AD19300781B8C /* FlickrNetworkOperation.swift in Sources */ = {isa = PBXBuildFile; fileRef = E36E3DBA1D0AD19300781B8C /* FlickrNetworkOperation.swift */; };
		E370325C1CF6F63100FC0D2F /* AppDelegate.swift in Sources */ = {isa = PBXBuildFile; fileRef = E370325B1CF6F63100FC0D2F /* AppDelegate.swift */; };
		E370325E1CF6F63100FC0D2F /* MapViewController.swift in Sources */ = {isa = PBXBuildFile; fileRef = E370325D1CF6F63100FC0D2F /* MapViewController.swift */; };
		E37032611CF6F63100FC0D2F /* Main.storyboard in Resources */ = {isa = PBXBuildFile; fileRef = E370325F1CF6F63100FC0D2F /* Main.storyboard */; };
		E37032631CF6F63100FC0D2F /* Assets.xcassets in Resources */ = {isa = PBXBuildFile; fileRef = E37032621CF6F63100FC0D2F /* Assets.xcassets */; };
		E37032661CF6F63100FC0D2F /* LaunchScreen.storyboard in Resources */ = {isa = PBXBuildFile; fileRef = E37032641CF6F63100FC0D2F /* LaunchScreen.storyboard */; };
		E37032711CF6F63100FC0D2F /* Virtual_TouristTests.swift in Sources */ = {isa = PBXBuildFile; fileRef = E37032701CF6F63100FC0D2F /* Virtual_TouristTests.swift */; };
		E370327C1CF87B9700FC0D2F /* AlbumViewController.swift in Sources */ = {isa = PBXBuildFile; fileRef = E370327B1CF87B9700FC0D2F /* AlbumViewController.swift */; };
		E3735B851D06D7010048158A /* FetchedResultsControllerProducer.swift in Sources */ = {isa = PBXBuildFile; fileRef = E3735B841D06D7010048158A /* FetchedResultsControllerProducer.swift */; };
		E3735B921D081FEE0048158A /* Pin+CoreDataProperties.swift in Sources */ = {isa = PBXBuildFile; fileRef = E3735B8C1D081FEE0048158A /* Pin+CoreDataProperties.swift */; };
		E3735B931D081FEE0048158A /* Pin.swift in Sources */ = {isa = PBXBuildFile; fileRef = E3735B8D1D081FEE0048158A /* Pin.swift */; };
		E3735B941D081FEE0048158A /* Photo+CoreDataProperties.swift in Sources */ = {isa = PBXBuildFile; fileRef = E3735B8E1D081FEE0048158A /* Photo+CoreDataProperties.swift */; };
		E3735B951D081FEE0048158A /* Photo.swift in Sources */ = {isa = PBXBuildFile; fileRef = E3735B8F1D081FEE0048158A /* Photo.swift */; };
		E3735B961D081FEE0048158A /* PhotoContainer+CoreDataProperties.swift in Sources */ = {isa = PBXBuildFile; fileRef = E3735B901D081FEE0048158A /* PhotoContainer+CoreDataProperties.swift */; };
		E3735B971D081FEE0048158A /* PhotoContainer.swift in Sources */ = {isa = PBXBuildFile; fileRef = E3735B911D081FEE0048158A /* PhotoContainer.swift */; };
		E3735B991D0827A70048158A /* Array+Utils.swift in Sources */ = {isa = PBXBuildFile; fileRef = E3735B981D0827A70048158A /* Array+Utils.swift */; };
		E37624AD1CF9C28800DBB113 /* VirtualTouristModel.xcdatamodeld in Sources */ = {isa = PBXBuildFile; fileRef = E37624AB1CF9C28800DBB113 /* VirtualTouristModel.xcdatamodeld */; };
		E3DFBF831D0ED21800501E4E /* FlickrURL.swift in Sources */ = {isa = PBXBuildFile; fileRef = E3DFBF821D0ED21800501E4E /* FlickrURL.swift */; };
		E3DFBF851D0EDF9700501E4E /* FlickrImageSearch.swift in Sources */ = {isa = PBXBuildFile; fileRef = E3DFBF841D0EDF9700501E4E /* FlickrImageSearch.swift */; };
		E3DFBF891D14366F00501E4E /* Dispatch+Utils.swift in Sources */ = {isa = PBXBuildFile; fileRef = E3DFBF881D14366F00501E4E /* Dispatch+Utils.swift */; };
		E3EB33121D195E230001F1DE /* DownloadPhotoOperation.swift in Sources */ = {isa = PBXBuildFile; fileRef = E3EB33111D195E230001F1DE /* DownloadPhotoOperation.swift */; };
/* End PBXBuildFile section */

/* Begin PBXContainerItemProxy section */
		E370326D1CF6F63100FC0D2F /* PBXContainerItemProxy */ = {
			isa = PBXContainerItemProxy;
			containerPortal = E37032501CF6F63000FC0D2F /* Project object */;
			proxyType = 1;
			remoteGlobalIDString = E37032571CF6F63000FC0D2F;
			remoteInfo = "Virtual Tourist";
		};
/* End PBXContainerItemProxy section */

/* Begin PBXFileReference section */
		E3215D9F1CFF13F8009D383B /* DataController.swift */ = {isa = PBXFileReference; fileEncoding = 4; lastKnownFileType = sourcecode.swift; path = DataController.swift; sourceTree = "<group>"; };
		E3215DA21CFF307F009D383B /* Config.xcconfig */ = {isa = PBXFileReference; lastKnownFileType = text.xcconfig; path = Config.xcconfig; sourceTree = "<group>"; };
		E3215DA31CFF4581009D383B /* Virtual Tourist-Bridging-Header.h */ = {isa = PBXFileReference; lastKnownFileType = sourcecode.c.h; path = "Virtual Tourist-Bridging-Header.h"; sourceTree = "<group>"; };
		E3215DA41CFF4581009D383B /* Constants.h */ = {isa = PBXFileReference; fileEncoding = 4; lastKnownFileType = sourcecode.c.h; path = Constants.h; sourceTree = "<group>"; };
		E3215DA51CFF4581009D383B /* Constants.m */ = {isa = PBXFileReference; fileEncoding = 4; lastKnownFileType = sourcecode.c.objc; path = Constants.m; sourceTree = "<group>"; };
		E3215DAD1D0037EB009D383B /* FlickrConstants.swift */ = {isa = PBXFileReference; fileEncoding = 4; lastKnownFileType = sourcecode.swift; path = FlickrConstants.swift; sourceTree = "<group>"; };
		E3215DB41D007663009D383B /* Range+Utils.swift */ = {isa = PBXFileReference; fileEncoding = 4; lastKnownFileType = sourcecode.swift; path = "Range+Utils.swift"; sourceTree = "<group>"; };
		E3215DB71D009175009D383B /* FlickrPhoto.swift */ = {isa = PBXFileReference; fileEncoding = 4; lastKnownFileType = sourcecode.swift; path = FlickrPhoto.swift; sourceTree = "<group>"; };
		E3215DB91D00A5FC009D383B /* FlickrPhotos.swift */ = {isa = PBXFileReference; fileEncoding = 4; lastKnownFileType = sourcecode.swift; path = FlickrPhotos.swift; sourceTree = "<group>"; };
		E36E3DBA1D0AD19300781B8C /* FlickrNetworkOperation.swift */ = {isa = PBXFileReference; fileEncoding = 4; lastKnownFileType = sourcecode.swift; path = FlickrNetworkOperation.swift; sourceTree = "<group>"; };
		E37032581CF6F63000FC0D2F /* Virtual Tourist.app */ = {isa = PBXFileReference; explicitFileType = wrapper.application; includeInIndex = 0; path = "Virtual Tourist.app"; sourceTree = BUILT_PRODUCTS_DIR; };
		E370325B1CF6F63100FC0D2F /* AppDelegate.swift */ = {isa = PBXFileReference; lastKnownFileType = sourcecode.swift; path = AppDelegate.swift; sourceTree = "<group>"; };
		E370325D1CF6F63100FC0D2F /* MapViewController.swift */ = {isa = PBXFileReference; lastKnownFileType = sourcecode.swift; path = MapViewController.swift; sourceTree = "<group>"; };
		E37032601CF6F63100FC0D2F /* Base */ = {isa = PBXFileReference; lastKnownFileType = file.storyboard; name = Base; path = Base.lproj/Main.storyboard; sourceTree = "<group>"; };
		E37032621CF6F63100FC0D2F /* Assets.xcassets */ = {isa = PBXFileReference; lastKnownFileType = folder.assetcatalog; path = Assets.xcassets; sourceTree = "<group>"; };
		E37032651CF6F63100FC0D2F /* Base */ = {isa = PBXFileReference; lastKnownFileType = file.storyboard; name = Base; path = Base.lproj/LaunchScreen.storyboard; sourceTree = "<group>"; };
		E37032671CF6F63100FC0D2F /* Info.plist */ = {isa = PBXFileReference; lastKnownFileType = text.plist.xml; path = Info.plist; sourceTree = "<group>"; };
		E370326C1CF6F63100FC0D2F /* Virtual TouristTests.xctest */ = {isa = PBXFileReference; explicitFileType = wrapper.cfbundle; includeInIndex = 0; path = "Virtual TouristTests.xctest"; sourceTree = BUILT_PRODUCTS_DIR; };
		E37032701CF6F63100FC0D2F /* Virtual_TouristTests.swift */ = {isa = PBXFileReference; lastKnownFileType = sourcecode.swift; path = Virtual_TouristTests.swift; sourceTree = "<group>"; };
		E37032721CF6F63100FC0D2F /* Info.plist */ = {isa = PBXFileReference; lastKnownFileType = text.plist.xml; path = Info.plist; sourceTree = "<group>"; };
		E370327B1CF87B9700FC0D2F /* AlbumViewController.swift */ = {isa = PBXFileReference; fileEncoding = 4; lastKnownFileType = sourcecode.swift; path = AlbumViewController.swift; sourceTree = "<group>"; };
		E3735B841D06D7010048158A /* FetchedResultsControllerProducer.swift */ = {isa = PBXFileReference; fileEncoding = 4; lastKnownFileType = sourcecode.swift; path = FetchedResultsControllerProducer.swift; sourceTree = "<group>"; };
		E3735B8C1D081FEE0048158A /* Pin+CoreDataProperties.swift */ = {isa = PBXFileReference; fileEncoding = 4; lastKnownFileType = sourcecode.swift; path = "Pin+CoreDataProperties.swift"; sourceTree = "<group>"; };
		E3735B8D1D081FEE0048158A /* Pin.swift */ = {isa = PBXFileReference; fileEncoding = 4; lastKnownFileType = sourcecode.swift; path = Pin.swift; sourceTree = "<group>"; };
		E3735B8E1D081FEE0048158A /* Photo+CoreDataProperties.swift */ = {isa = PBXFileReference; fileEncoding = 4; lastKnownFileType = sourcecode.swift; path = "Photo+CoreDataProperties.swift"; sourceTree = "<group>"; };
		E3735B8F1D081FEE0048158A /* Photo.swift */ = {isa = PBXFileReference; fileEncoding = 4; lastKnownFileType = sourcecode.swift; path = Photo.swift; sourceTree = "<group>"; };
		E3735B901D081FEE0048158A /* PhotoContainer+CoreDataProperties.swift */ = {isa = PBXFileReference; fileEncoding = 4; lastKnownFileType = sourcecode.swift; path = "PhotoContainer+CoreDataProperties.swift"; sourceTree = "<group>"; };
		E3735B911D081FEE0048158A /* PhotoContainer.swift */ = {isa = PBXFileReference; fileEncoding = 4; lastKnownFileType = sourcecode.swift; path = PhotoContainer.swift; sourceTree = "<group>"; };
		E3735B981D0827A70048158A /* Array+Utils.swift */ = {isa = PBXFileReference; fileEncoding = 4; lastKnownFileType = sourcecode.swift; path = "Array+Utils.swift"; sourceTree = "<group>"; };
		E37624AC1CF9C28800DBB113 /* VirtualTouristModel.xcdatamodel */ = {isa = PBXFileReference; lastKnownFileType = wrapper.xcdatamodel; path = VirtualTouristModel.xcdatamodel; sourceTree = "<group>"; };
		E3DFBF821D0ED21800501E4E /* FlickrURL.swift */ = {isa = PBXFileReference; fileEncoding = 4; lastKnownFileType = sourcecode.swift; path = FlickrURL.swift; sourceTree = "<group>"; };
		E3DFBF841D0EDF9700501E4E /* FlickrImageSearch.swift */ = {isa = PBXFileReference; fileEncoding = 4; lastKnownFileType = sourcecode.swift; path = FlickrImageSearch.swift; sourceTree = "<group>"; };
		E3DFBF881D14366F00501E4E /* Dispatch+Utils.swift */ = {isa = PBXFileReference; fileEncoding = 4; lastKnownFileType = sourcecode.swift; path = "Dispatch+Utils.swift"; sourceTree = "<group>"; };
		E3EB33111D195E230001F1DE /* DownloadPhotoOperation.swift */ = {isa = PBXFileReference; fileEncoding = 4; lastKnownFileType = sourcecode.swift; path = DownloadPhotoOperation.swift; sourceTree = "<group>"; };
/* End PBXFileReference section */

/* Begin PBXFrameworksBuildPhase section */
		E37032551CF6F63000FC0D2F /* Frameworks */ = {
			isa = PBXFrameworksBuildPhase;
			buildActionMask = 2147483647;
			files = (
			);
			runOnlyForDeploymentPostprocessing = 0;
		};
		E37032691CF6F63100FC0D2F /* Frameworks */ = {
			isa = PBXFrameworksBuildPhase;
			buildActionMask = 2147483647;
			files = (
			);
			runOnlyForDeploymentPostprocessing = 0;
		};
/* End PBXFrameworksBuildPhase section */

/* Begin PBXGroup section */
		E3215DA11CFF1403009D383B /* Model */ = {
			isa = PBXGroup;
			children = (
				E3215DA91D0037BA009D383B /* Flickr */,
				E3215DA81D00357A009D383B /* Core Data */,
			);
			name = Model;
			sourceTree = "<group>";
		};
		E3215DA71CFF4611009D383B /* Environments */ = {
			isa = PBXGroup;
			children = (
				E3215DA21CFF307F009D383B /* Config.xcconfig */,
				E3215DA41CFF4581009D383B /* Constants.h */,
				E3215DA51CFF4581009D383B /* Constants.m */,
			);
			name = Environments;
			sourceTree = "<group>";
		};
		E3215DA81D00357A009D383B /* Core Data */ = {
			isa = PBXGroup;
			children = (
				E3735B8C1D081FEE0048158A /* Pin+CoreDataProperties.swift */,
				E3735B8D1D081FEE0048158A /* Pin.swift */,
				E3735B8E1D081FEE0048158A /* Photo+CoreDataProperties.swift */,
				E3735B8F1D081FEE0048158A /* Photo.swift */,
				E3735B901D081FEE0048158A /* PhotoContainer+CoreDataProperties.swift */,
				E3735B911D081FEE0048158A /* PhotoContainer.swift */,
				E37624AB1CF9C28800DBB113 /* VirtualTouristModel.xcdatamodeld */,
				E3215D9F1CFF13F8009D383B /* DataController.swift */,
				E3735B841D06D7010048158A /* FetchedResultsControllerProducer.swift */,
			);
			name = "Core Data";
			sourceTree = "<group>";
		};
		E3215DA91D0037BA009D383B /* Flickr */ = {
			isa = PBXGroup;
			children = (
				E3215DB61D00915B009D383B /* Response Objects */,
				E3215DAD1D0037EB009D383B /* FlickrConstants.swift */,
				E36E3DBA1D0AD19300781B8C /* FlickrNetworkOperation.swift */,
				E3DFBF821D0ED21800501E4E /* FlickrURL.swift */,
				E3DFBF841D0EDF9700501E4E /* FlickrImageSearch.swift */,
				E3EB33111D195E230001F1DE /* DownloadPhotoOperation.swift */,
			);
			name = Flickr;
			sourceTree = "<group>";
		};
		E3215DB31D007653009D383B /* utils */ = {
			isa = PBXGroup;
			children = (
				E3DFBF881D14366F00501E4E /* Dispatch+Utils.swift */,
				E3215DB41D007663009D383B /* Range+Utils.swift */,
				E3735B981D0827A70048158A /* Array+Utils.swift */,
			);
			name = utils;
			sourceTree = "<group>";
		};
		E3215DB61D00915B009D383B /* Response Objects */ = {
			isa = PBXGroup;
			children = (
				E3215DB71D009175009D383B /* FlickrPhoto.swift */,
				E3215DB91D00A5FC009D383B /* FlickrPhotos.swift */,
			);
			name = "Response Objects";
			sourceTree = "<group>";
		};
		E370324F1CF6F63000FC0D2F = {
			isa = PBXGroup;
			children = (
				E370325A1CF6F63100FC0D2F /* Virtual Tourist */,
				E370326F1CF6F63100FC0D2F /* Virtual TouristTests */,
				E37032591CF6F63000FC0D2F /* Products */,
			);
			sourceTree = "<group>";
		};
		E37032591CF6F63000FC0D2F /* Products */ = {
			isa = PBXGroup;
			children = (
				E37032581CF6F63000FC0D2F /* Virtual Tourist.app */,
				E370326C1CF6F63100FC0D2F /* Virtual TouristTests.xctest */,
			);
			name = Products;
			sourceTree = "<group>";
		};
		E370325A1CF6F63100FC0D2F /* Virtual Tourist */ = {
			isa = PBXGroup;
			children = (
				E3215DB31D007653009D383B /* utils */,
				E3215DA71CFF4611009D383B /* Environments */,
				E3215DA11CFF1403009D383B /* Model */,
				E370327E1CF87BED00FC0D2F /* Supporting Files */,
				E370327D1CF87BE300FC0D2F /* View Controllers */,
			);
			path = "Virtual Tourist";
			sourceTree = "<group>";
		};
		E370326F1CF6F63100FC0D2F /* Virtual TouristTests */ = {
			isa = PBXGroup;
			children = (
				E37032701CF6F63100FC0D2F /* Virtual_TouristTests.swift */,
				E37032721CF6F63100FC0D2F /* Info.plist */,
			);
			path = "Virtual TouristTests";
			sourceTree = "<group>";
		};
		E370327D1CF87BE300FC0D2F /* View Controllers */ = {
			isa = PBXGroup;
			children = (
				E370325D1CF6F63100FC0D2F /* MapViewController.swift */,
				E370327B1CF87B9700FC0D2F /* AlbumViewController.swift */,
			);
			name = "View Controllers";
			sourceTree = "<group>";
		};
		E370327E1CF87BED00FC0D2F /* Supporting Files */ = {
			isa = PBXGroup;
			children = (
				E3215DA31CFF4581009D383B /* Virtual Tourist-Bridging-Header.h */,
				E370325B1CF6F63100FC0D2F /* AppDelegate.swift */,
				E370325F1CF6F63100FC0D2F /* Main.storyboard */,
				E37032621CF6F63100FC0D2F /* Assets.xcassets */,
				E37032641CF6F63100FC0D2F /* LaunchScreen.storyboard */,
				E37032671CF6F63100FC0D2F /* Info.plist */,
			);
			name = "Supporting Files";
			sourceTree = "<group>";
		};
/* End PBXGroup section */

/* Begin PBXNativeTarget section */
		E37032571CF6F63000FC0D2F /* Virtual Tourist */ = {
			isa = PBXNativeTarget;
			buildConfigurationList = E37032751CF6F63100FC0D2F /* Build configuration list for PBXNativeTarget "Virtual Tourist" */;
			buildPhases = (
				E37032541CF6F63000FC0D2F /* Sources */,
				E37032551CF6F63000FC0D2F /* Frameworks */,
				E37032561CF6F63000FC0D2F /* Resources */,
			);
			buildRules = (
			);
			dependencies = (
			);
			name = "Virtual Tourist";
			productName = "Virtual Tourist";
			productReference = E37032581CF6F63000FC0D2F /* Virtual Tourist.app */;
			productType = "com.apple.product-type.application";
		};
		E370326B1CF6F63100FC0D2F /* Virtual TouristTests */ = {
			isa = PBXNativeTarget;
			buildConfigurationList = E37032781CF6F63100FC0D2F /* Build configuration list for PBXNativeTarget "Virtual TouristTests" */;
			buildPhases = (
				E37032681CF6F63100FC0D2F /* Sources */,
				E37032691CF6F63100FC0D2F /* Frameworks */,
				E370326A1CF6F63100FC0D2F /* Resources */,
			);
			buildRules = (
			);
			dependencies = (
				E370326E1CF6F63100FC0D2F /* PBXTargetDependency */,
			);
			name = "Virtual TouristTests";
			productName = "Virtual TouristTests";
			productReference = E370326C1CF6F63100FC0D2F /* Virtual TouristTests.xctest */;
			productType = "com.apple.product-type.bundle.unit-test";
		};
/* End PBXNativeTarget section */

/* Begin PBXProject section */
		E37032501CF6F63000FC0D2F /* Project object */ = {
			isa = PBXProject;
			attributes = {
				LastSwiftUpdateCheck = 0730;
				LastUpgradeCheck = 0730;
				ORGANIZATIONNAME = "Maarut Chandegra";
				TargetAttributes = {
					E37032571CF6F63000FC0D2F = {
						CreatedOnToolsVersion = 7.3.1;
						DevelopmentTeam = F53K8XZ6AA;
					};
					E370326B1CF6F63100FC0D2F = {
						CreatedOnToolsVersion = 7.3.1;
						DevelopmentTeam = F53K8XZ6AA;
						TestTargetID = E37032571CF6F63000FC0D2F;
					};
				};
			};
			buildConfigurationList = E37032531CF6F63000FC0D2F /* Build configuration list for PBXProject "Virtual Tourist" */;
			compatibilityVersion = "Xcode 3.2";
			developmentRegion = English;
			hasScannedForEncodings = 0;
			knownRegions = (
				en,
				Base,
			);
			mainGroup = E370324F1CF6F63000FC0D2F;
			productRefGroup = E37032591CF6F63000FC0D2F /* Products */;
			projectDirPath = "";
			projectRoot = "";
			targets = (
				E37032571CF6F63000FC0D2F /* Virtual Tourist */,
				E370326B1CF6F63100FC0D2F /* Virtual TouristTests */,
			);
		};
/* End PBXProject section */

/* Begin PBXResourcesBuildPhase section */
		E37032561CF6F63000FC0D2F /* Resources */ = {
			isa = PBXResourcesBuildPhase;
			buildActionMask = 2147483647;
			files = (
				E37032661CF6F63100FC0D2F /* LaunchScreen.storyboard in Resources */,
				E37032631CF6F63100FC0D2F /* Assets.xcassets in Resources */,
				E37032611CF6F63100FC0D2F /* Main.storyboard in Resources */,
			);
			runOnlyForDeploymentPostprocessing = 0;
		};
		E370326A1CF6F63100FC0D2F /* Resources */ = {
			isa = PBXResourcesBuildPhase;
			buildActionMask = 2147483647;
			files = (
			);
			runOnlyForDeploymentPostprocessing = 0;
		};
/* End PBXResourcesBuildPhase section */

/* Begin PBXSourcesBuildPhase section */
		E37032541CF6F63000FC0D2F /* Sources */ = {
			isa = PBXSourcesBuildPhase;
			buildActionMask = 2147483647;
			files = (
				E3735B951D081FEE0048158A /* Photo.swift in Sources */,
				E3735B921D081FEE0048158A /* Pin+CoreDataProperties.swift in Sources */,
				E3DFBF831D0ED21800501E4E /* FlickrURL.swift in Sources */,
				E3735B931D081FEE0048158A /* Pin.swift in Sources */,
				E3215DAE1D0037EB009D383B /* FlickrConstants.swift in Sources */,
				E3215DB51D007663009D383B /* Range+Utils.swift in Sources */,
				E3215DA01CFF13F8009D383B /* DataController.swift in Sources */,
				E37624AD1CF9C28800DBB113 /* VirtualTouristModel.xcdatamodeld in Sources */,
				E3735B991D0827A70048158A /* Array+Utils.swift in Sources */,
				E3215DB81D009176009D383B /* FlickrPhoto.swift in Sources */,
				E3215DBA1D00A5FC009D383B /* FlickrPhotos.swift in Sources */,
				E3735B961D081FEE0048158A /* PhotoContainer+CoreDataProperties.swift in Sources */,
				E3735B851D06D7010048158A /* FetchedResultsControllerProducer.swift in Sources */,
				E3735B971D081FEE0048158A /* PhotoContainer.swift in Sources */,
				E3EB33121D195E230001F1DE /* DownloadPhotoOperation.swift in Sources */,
				E370327C1CF87B9700FC0D2F /* AlbumViewController.swift in Sources */,
				E370325E1CF6F63100FC0D2F /* MapViewController.swift in Sources */,
				E370325C1CF6F63100FC0D2F /* AppDelegate.swift in Sources */,
				E3DFBF851D0EDF9700501E4E /* FlickrImageSearch.swift in Sources */,
				E3215DA61CFF4581009D383B /* Constants.m in Sources */,
				E3DFBF891D14366F00501E4E /* Dispatch+Utils.swift in Sources */,
				E3735B941D081FEE0048158A /* Photo+CoreDataProperties.swift in Sources */,
				E36E3DBB1D0AD19300781B8C /* FlickrNetworkOperation.swift in Sources */,
			);
			runOnlyForDeploymentPostprocessing = 0;
		};
		E37032681CF6F63100FC0D2F /* Sources */ = {
			isa = PBXSourcesBuildPhase;
			buildActionMask = 2147483647;
			files = (
				E37032711CF6F63100FC0D2F /* Virtual_TouristTests.swift in Sources */,
			);
			runOnlyForDeploymentPostprocessing = 0;
		};
/* End PBXSourcesBuildPhase section */

/* Begin PBXTargetDependency section */
		E370326E1CF6F63100FC0D2F /* PBXTargetDependency */ = {
			isa = PBXTargetDependency;
			target = E37032571CF6F63000FC0D2F /* Virtual Tourist */;
			targetProxy = E370326D1CF6F63100FC0D2F /* PBXContainerItemProxy */;
		};
/* End PBXTargetDependency section */

/* Begin PBXVariantGroup section */
		E370325F1CF6F63100FC0D2F /* Main.storyboard */ = {
			isa = PBXVariantGroup;
			children = (
				E37032601CF6F63100FC0D2F /* Base */,
			);
			name = Main.storyboard;
			sourceTree = "<group>";
		};
		E37032641CF6F63100FC0D2F /* LaunchScreen.storyboard */ = {
			isa = PBXVariantGroup;
			children = (
				E37032651CF6F63100FC0D2F /* Base */,
			);
			name = LaunchScreen.storyboard;
			sourceTree = "<group>";
		};
/* End PBXVariantGroup section */

/* Begin XCBuildConfiguration section */
		E37032731CF6F63100FC0D2F /* Debug */ = {
			isa = XCBuildConfiguration;
			baseConfigurationReference = E3215DA21CFF307F009D383B /* Config.xcconfig */;
			buildSettings = {
				ALWAYS_SEARCH_USER_PATHS = NO;
				CLANG_ANALYZER_NONNULL = YES;
				CLANG_CXX_LANGUAGE_STANDARD = "gnu++0x";
				CLANG_CXX_LIBRARY = "libc++";
				CLANG_ENABLE_MODULES = YES;
				CLANG_ENABLE_OBJC_ARC = YES;
				CLANG_WARN_BOOL_CONVERSION = YES;
				CLANG_WARN_CONSTANT_CONVERSION = YES;
				CLANG_WARN_DIRECT_OBJC_ISA_USAGE = YES_ERROR;
				CLANG_WARN_EMPTY_BODY = YES;
				CLANG_WARN_ENUM_CONVERSION = YES;
				CLANG_WARN_INT_CONVERSION = YES;
				CLANG_WARN_OBJC_ROOT_CLASS = YES_ERROR;
				CLANG_WARN_UNREACHABLE_CODE = YES;
				CLANG_WARN__DUPLICATE_METHOD_MATCH = YES;
				"CODE_SIGN_IDENTITY[sdk=iphoneos*]" = "iPhone Developer";
				COPY_PHASE_STRIP = NO;
				DEBUG_INFORMATION_FORMAT = dwarf;
				ENABLE_STRICT_OBJC_MSGSEND = YES;
				ENABLE_TESTABILITY = YES;
				GCC_C_LANGUAGE_STANDARD = gnu99;
				GCC_DYNAMIC_NO_PIC = NO;
				GCC_NO_COMMON_BLOCKS = YES;
				GCC_OPTIMIZATION_LEVEL = 0;
				GCC_PREPROCESSOR_DEFINITIONS = (
					"DEBUG=1",
					"$(inherited)",
				);
				GCC_WARN_64_TO_32_BIT_CONVERSION = YES;
				GCC_WARN_ABOUT_RETURN_TYPE = YES_ERROR;
				GCC_WARN_UNDECLARED_SELECTOR = YES;
				GCC_WARN_UNINITIALIZED_AUTOS = YES_AGGRESSIVE;
				GCC_WARN_UNUSED_FUNCTION = YES;
				GCC_WARN_UNUSED_VARIABLE = YES;
				IPHONEOS_DEPLOYMENT_TARGET = 9.3;
				MTL_ENABLE_DEBUG_INFO = YES;
				ONLY_ACTIVE_ARCH = YES;
				SDKROOT = iphoneos;
				SWIFT_OPTIMIZATION_LEVEL = "-Onone";
				TARGETED_DEVICE_FAMILY = "1,2";
			};
			name = Debug;
		};
		E37032741CF6F63100FC0D2F /* Release */ = {
			isa = XCBuildConfiguration;
			baseConfigurationReference = E3215DA21CFF307F009D383B /* Config.xcconfig */;
			buildSettings = {
				ALWAYS_SEARCH_USER_PATHS = NO;
				CLANG_ANALYZER_NONNULL = YES;
				CLANG_CXX_LANGUAGE_STANDARD = "gnu++0x";
				CLANG_CXX_LIBRARY = "libc++";
				CLANG_ENABLE_MODULES = YES;
				CLANG_ENABLE_OBJC_ARC = YES;
				CLANG_WARN_BOOL_CONVERSION = YES;
				CLANG_WARN_CONSTANT_CONVERSION = YES;
				CLANG_WARN_DIRECT_OBJC_ISA_USAGE = YES_ERROR;
				CLANG_WARN_EMPTY_BODY = YES;
				CLANG_WARN_ENUM_CONVERSION = YES;
				CLANG_WARN_INT_CONVERSION = YES;
				CLANG_WARN_OBJC_ROOT_CLASS = YES_ERROR;
				CLANG_WARN_UNREACHABLE_CODE = YES;
				CLANG_WARN__DUPLICATE_METHOD_MATCH = YES;
				"CODE_SIGN_IDENTITY[sdk=iphoneos*]" = "iPhone Developer";
				COPY_PHASE_STRIP = NO;
				DEBUG_INFORMATION_FORMAT = "dwarf-with-dsym";
				ENABLE_NS_ASSERTIONS = NO;
				ENABLE_STRICT_OBJC_MSGSEND = YES;
				GCC_C_LANGUAGE_STANDARD = gnu99;
				GCC_NO_COMMON_BLOCKS = YES;
				GCC_WARN_64_TO_32_BIT_CONVERSION = YES;
				GCC_WARN_ABOUT_RETURN_TYPE = YES_ERROR;
				GCC_WARN_UNDECLARED_SELECTOR = YES;
				GCC_WARN_UNINITIALIZED_AUTOS = YES_AGGRESSIVE;
				GCC_WARN_UNUSED_FUNCTION = YES;
				GCC_WARN_UNUSED_VARIABLE = YES;
				IPHONEOS_DEPLOYMENT_TARGET = 9.3;
				MTL_ENABLE_DEBUG_INFO = NO;
				SDKROOT = iphoneos;
				TARGETED_DEVICE_FAMILY = "1,2";
				VALIDATE_PRODUCT = YES;
			};
			name = Release;
		};
		E37032761CF6F63100FC0D2F /* Debug */ = {
			isa = XCBuildConfiguration;
			buildSettings = {
				ASSETCATALOG_COMPILER_APPICON_NAME = AppIcon;
				CLANG_ENABLE_MODULES = YES;
				INFOPLIST_FILE = "Virtual Tourist/Info.plist";
				LD_RUNPATH_SEARCH_PATHS = "$(inherited) @executable_path/Frameworks";
				PRODUCT_BUNDLE_IDENTIFIER = "net.maarut.Virtual-Tourist";
				PRODUCT_NAME = "$(TARGET_NAME)";
				SWIFT_OBJC_BRIDGING_HEADER = "Virtual Tourist/Virtual Tourist-Bridging-Header.h";
				SWIFT_OPTIMIZATION_LEVEL = "-Onone";
			};
			name = Debug;
		};
		E37032771CF6F63100FC0D2F /* Release */ = {
			isa = XCBuildConfiguration;
			buildSettings = {
				ASSETCATALOG_COMPILER_APPICON_NAME = AppIcon;
				CLANG_ENABLE_MODULES = YES;
				INFOPLIST_FILE = "Virtual Tourist/Info.plist";
				LD_RUNPATH_SEARCH_PATHS = "$(inherited) @executable_path/Frameworks";
				PRODUCT_BUNDLE_IDENTIFIER = "net.maarut.Virtual-Tourist";
				PRODUCT_NAME = "$(TARGET_NAME)";
				SWIFT_OBJC_BRIDGING_HEADER = "Virtual Tourist/Virtual Tourist-Bridging-Header.h";
			};
			name = Release;
		};
		E37032791CF6F63100FC0D2F /* Debug */ = {
			isa = XCBuildConfiguration;
			buildSettings = {
				BUNDLE_LOADER = "$(TEST_HOST)";
				INFOPLIST_FILE = "Virtual TouristTests/Info.plist";
				LD_RUNPATH_SEARCH_PATHS = "$(inherited) @executable_path/Frameworks @loader_path/Frameworks";
				PRODUCT_BUNDLE_IDENTIFIER = "net.maarut.Virtual-TouristTests";
				PRODUCT_NAME = "$(TARGET_NAME)";
				TEST_HOST = "$(BUILT_PRODUCTS_DIR)/Virtual Tourist.app/Virtual Tourist";
			};
			name = Debug;
		};
		E370327A1CF6F63100FC0D2F /* Release */ = {
			isa = XCBuildConfiguration;
			buildSettings = {
				BUNDLE_LOADER = "$(TEST_HOST)";
				INFOPLIST_FILE = "Virtual TouristTests/Info.plist";
				LD_RUNPATH_SEARCH_PATHS = "$(inherited) @executable_path/Frameworks @loader_path/Frameworks";
				PRODUCT_BUNDLE_IDENTIFIER = "net.maarut.Virtual-TouristTests";
				PRODUCT_NAME = "$(TARGET_NAME)";
				TEST_HOST = "$(BUILT_PRODUCTS_DIR)/Virtual Tourist.app/Virtual Tourist";
			};
			name = Release;
		};
/* End XCBuildConfiguration section */

/* Begin XCConfigurationList section */
		E37032531CF6F63000FC0D2F /* Build configuration list for PBXProject "Virtual Tourist" */ = {
			isa = XCConfigurationList;
			buildConfigurations = (
				E37032731CF6F63100FC0D2F /* Debug */,
				E37032741CF6F63100FC0D2F /* Release */,
			);
			defaultConfigurationIsVisible = 0;
			defaultConfigurationName = Release;
		};
		E37032751CF6F63100FC0D2F /* Build configuration list for PBXNativeTarget "Virtual Tourist" */ = {
			isa = XCConfigurationList;
			buildConfigurations = (
				E37032761CF6F63100FC0D2F /* Debug */,
				E37032771CF6F63100FC0D2F /* Release */,
			);
			defaultConfigurationIsVisible = 0;
			defaultConfigurationName = Release;
		};
		E37032781CF6F63100FC0D2F /* Build configuration list for PBXNativeTarget "Virtual TouristTests" */ = {
			isa = XCConfigurationList;
			buildConfigurations = (
				E37032791CF6F63100FC0D2F /* Debug */,
				E370327A1CF6F63100FC0D2F /* Release */,
			);
			defaultConfigurationIsVisible = 0;
			defaultConfigurationName = Release;
		};
/* End XCConfigurationList section */

/* Begin XCVersionGroup section */
		E37624AB1CF9C28800DBB113 /* VirtualTouristModel.xcdatamodeld */ = {
			isa = XCVersionGroup;
			children = (
				E37624AC1CF9C28800DBB113 /* VirtualTouristModel.xcdatamodel */,
			);
			currentVersion = E37624AC1CF9C28800DBB113 /* VirtualTouristModel.xcdatamodel */;
			path = VirtualTouristModel.xcdatamodeld;
			sourceTree = "<group>";
			versionGroupType = wrapper.xcdatamodel;
		};
/* End XCVersionGroup section */
	};
	rootObject = E37032501CF6F63000FC0D2F /* Project object */;
}
